<?xml version="1.0" encoding="utf-8"?>
<Project ToolsVersion="4.0" xmlns="http://schemas.microsoft.com/developer/msbuild/2003">
  <ItemGroup>
    <Filter Include="Data">
      <UniqueIdentifier>{1969a8bf-b1f4-4a88-b9d4-7eb9e953b5a9}</UniqueIdentifier>
    </Filter>
    <Filter Include="Lib">
      <UniqueIdentifier>{62ff2150-0571-461f-a81b-abab5ff8e297}</UniqueIdentifier>
    </Filter>
    <Filter Include="Source">
      <UniqueIdentifier>{a21c0118-7ee0-4cff-80ed-beeffc1f9e41}</UniqueIdentifier>
    </Filter>
  </ItemGroup>
  <ItemGroup>
    <ClCompile Include="Timer.cpp">
      <Filter>Source</Filter>
    </ClCompile>
    <ClCompile Include="Graph.cpp">
      <Filter>Source</Filter>
    </ClCompile>
    <ClCompile Include="Display.cpp">
      <Filter>Source</Filter>
    </ClCompile>
    <ClCompile Include="tinyxml2.cpp">
      <Filter>Lib</Filter>
    </ClCompile>
    <ClCompile Include="main.cpp">
      <Filter>Source</Filter>
    </ClCompile>
    <ClCompile Include="RadialBasisFunction.cpp">
      <Filter>Source</Filter>
    </ClCompile>
    <ClCompile Include="ReceptorNode.cpp">
      <Filter>Source</Filter>
    </ClCompile>
    <ClCompile Include="ResultNode.cpp">
      <Filter>Source</Filter>
    </ClCompile>
    <ClCompile Include="FunctionNode.cpp">
      <Filter>Source</Filter>
    </ClCompile>
    <ClCompile Include="MultiLayeredPercepton.cpp">
      <Filter>Source</Filter>
    </ClCompile>
    <ClCompile Include="OutputNode.cpp">
      <Filter>Source</Filter>
    </ClCompile>
    <ClCompile Include="InputNode.cpp">
      <Filter>Source</Filter>
    </ClCompile>
    <ClCompile Include="HiddenNode.cpp">
      <Filter>Source</Filter>
    </ClCompile>
  </ItemGroup>
  <ItemGroup>
    <ClInclude Include="resource.h">
      <Filter>Data</Filter>
    </ClInclude>
    <ClInclude Include="Timer.h">
      <Filter>Source</Filter>
    </ClInclude>
    <ClInclude Include="Common.h">
      <Filter>Source</Filter>
    </ClInclude>
    <ClInclude Include="Graph.h">
      <Filter>Source</Filter>
    </ClInclude>
    <ClInclude Include="Display.h">
      <Filter>Source</Filter>
    </ClInclude>
    <ClInclude Include="NeuralNetwork.h">
      <Filter>Source</Filter>
    </ClInclude>
    <ClInclude Include="tinyxml2.h">
      <Filter>Lib</Filter>
    </ClInclude>
    <ClInclude Include="main.h">
      <Filter>Source</Filter>
    </ClInclude>
    <ClInclude Include="RadialBasisFunction.h">
      <Filter>Source</Filter>
    </ClInclude>
    <ClInclude Include="ReceptorNode.h">
      <Filter>Source</Filter>
    </ClInclude>
    <ClInclude Include="ResultNode.h">
      <Filter>Source</Filter>
    </ClInclude>
    <ClInclude Include="FunctionNode.h">
      <Filter>Source</Filter>
    </ClInclude>
    <ClInclude Include="MultiLayeredPercepton.h">
      <Filter>Source</Filter>
    </ClInclude>
    <ClInclude Include="OutputNode.h">
      <Filter>Source</Filter>
    </ClInclude>
    <ClInclude Include="InputNode.h">
      <Filter>Source</Filter>
    </ClInclude>
    <ClInclude Include="HiddenNode.h">
      <Filter>Source</Filter>
    </ClInclude>
    <ClInclude Include="ArtificalNeuralNetwork.h">
      <Filter>Source</Filter>
    </ClInclude>
  </ItemGroup>
  <ItemGroup>
    <ResourceCompile Include="GameAI.rc">
      <Filter>Data</Filter>
    </ResourceCompile>
  </ItemGroup>
  <ItemGroup>
    <Image Include="ai5.ico">
      <Filter>Data</Filter>
    </Image>
  </ItemGroup>
  <ItemGroup>
    <Xml Include="settings.xml">
      <Filter>Data</Filter>
    </Xml>
  </ItemGroup>
</Project>